// !$*UTF8*$!
{
	archiveVersion = 1;
	classes = {
	};
	objectVersion = 51;
	objects = {

/* Begin PBXBuildFile section */
		4234194A80BB14D0B665CFD2 /* Pods_BenchmarkAppTests.framework in Frameworks */ = {isa = PBXBuildFile; fileRef = FA18F8CCC43BAC81E6562F06 /* Pods_BenchmarkAppTests.framework */; };
		8B1461CC5C7BCDE84BAEE504 /* Pods_BenchmarkApp.framework in Frameworks */ = {isa = PBXBuildFile; fileRef = 55C67CBC347FEF566CB69225 /* Pods_BenchmarkApp.framework */; };
		959055BCCB0305CDDE7FE708 /* Pods_BenchmarkApp_BenchmarkAppUITests.framework in Frameworks */ = {isa = PBXBuildFile; fileRef = 5482A7E1B742896126BD6BD5 /* Pods_BenchmarkApp_BenchmarkAppUITests.framework */; };
		FC00858A25E429A60040C349 /* BenchmarkAppApp.swift in Sources */ = {isa = PBXBuildFile; fileRef = FC00858925E429A60040C349 /* BenchmarkAppApp.swift */; };
		FC00858C25E429A60040C349 /* ContentView.swift in Sources */ = {isa = PBXBuildFile; fileRef = FC00858B25E429A60040C349 /* ContentView.swift */; };
		FC00858E25E429A90040C349 /* Assets.xcassets in Resources */ = {isa = PBXBuildFile; fileRef = FC00858D25E429A90040C349 /* Assets.xcassets */; };
		FC00859125E429A90040C349 /* Preview Assets.xcassets in Resources */ = {isa = PBXBuildFile; fileRef = FC00859025E429A90040C349 /* Preview Assets.xcassets */; };
		FC00859325E429A90040C349 /* Persistence.swift in Sources */ = {isa = PBXBuildFile; fileRef = FC00859225E429A90040C349 /* Persistence.swift */; };
		FC00859625E429A90040C349 /* BenchmarkApp.xcdatamodeld in Sources */ = {isa = PBXBuildFile; fileRef = FC00859425E429A90040C349 /* BenchmarkApp.xcdatamodeld */; };
		FC0085A125E429A90040C349 /* BenchmarkAppTests.swift in Sources */ = {isa = PBXBuildFile; fileRef = FC0085A025E429A90040C349 /* BenchmarkAppTests.swift */; };
		FC0085AC25E429A90040C349 /* BenchmarkAppUITests.swift in Sources */ = {isa = PBXBuildFile; fileRef = FC0085AB25E429A90040C349 /* BenchmarkAppUITests.swift */; };
		FC15C42825E5AE4D00D95D97 /* LoginView.swift in Sources */ = {isa = PBXBuildFile; fileRef = FC15C42725E5AE4D00D95D97 /* LoginView.swift */; };
		FC2B4FF525E6C62300CFB228 /* AppDelegate.swift in Sources */ = {isa = PBXBuildFile; fileRef = FC2B4FF425E6C62300CFB228 /* AppDelegate.swift */; };
		FC2B4FF925E6E1B600CFB228 /* UserAuth.swift in Sources */ = {isa = PBXBuildFile; fileRef = FC2B4FF825E6E1B600CFB228 /* UserAuth.swift */; };
		FC4E882B25E47605009840E9 /* LaunchScreen.storyboard in Resources */ = {isa = PBXBuildFile; fileRef = FC4E882A25E47605009840E9 /* LaunchScreen.storyboard */; };
		FC63B30B25E692CA00B25C05 /* GoogleService-Info.plist in Resources */ = {isa = PBXBuildFile; fileRef = FC63B30A25E692CA00B25C05 /* GoogleService-Info.plist */; };
		FC8232BA25E863770057B944 /* CategoriesView.swift in Sources */ = {isa = PBXBuildFile; fileRef = FC8232B925E863770057B944 /* CategoriesView.swift */; };
/* End PBXBuildFile section */

/* Begin PBXContainerItemProxy section */
		FC00859D25E429A90040C349 /* PBXContainerItemProxy */ = {
			isa = PBXContainerItemProxy;
			containerPortal = FC00857E25E429A60040C349 /* Project object */;
			proxyType = 1;
			remoteGlobalIDString = FC00858525E429A60040C349;
			remoteInfo = BenchmarkApp;
		};
		FC0085A825E429A90040C349 /* PBXContainerItemProxy */ = {
			isa = PBXContainerItemProxy;
			containerPortal = FC00857E25E429A60040C349 /* Project object */;
			proxyType = 1;
			remoteGlobalIDString = FC00858525E429A60040C349;
			remoteInfo = BenchmarkApp;
		};
/* End PBXContainerItemProxy section */

/* Begin PBXFileReference section */
		35843300281D57116351307B /* Pods-BenchmarkApp-BenchmarkAppUITests.release.xcconfig */ = {isa = PBXFileReference; includeInIndex = 1; lastKnownFileType = text.xcconfig; name = "Pods-BenchmarkApp-BenchmarkAppUITests.release.xcconfig"; path = "Target Support Files/Pods-BenchmarkApp-BenchmarkAppUITests/Pods-BenchmarkApp-BenchmarkAppUITests.release.xcconfig"; sourceTree = "<group>"; };
		447B0B9D4167C4A9FD29DCBC /* Pods-BenchmarkApp-BenchmarkAppUITests.debug.xcconfig */ = {isa = PBXFileReference; includeInIndex = 1; lastKnownFileType = text.xcconfig; name = "Pods-BenchmarkApp-BenchmarkAppUITests.debug.xcconfig"; path = "Target Support Files/Pods-BenchmarkApp-BenchmarkAppUITests/Pods-BenchmarkApp-BenchmarkAppUITests.debug.xcconfig"; sourceTree = "<group>"; };
		5482A7E1B742896126BD6BD5 /* Pods_BenchmarkApp_BenchmarkAppUITests.framework */ = {isa = PBXFileReference; explicitFileType = wrapper.framework; includeInIndex = 0; path = Pods_BenchmarkApp_BenchmarkAppUITests.framework; sourceTree = BUILT_PRODUCTS_DIR; };
		55C67CBC347FEF566CB69225 /* Pods_BenchmarkApp.framework */ = {isa = PBXFileReference; explicitFileType = wrapper.framework; includeInIndex = 0; path = Pods_BenchmarkApp.framework; sourceTree = BUILT_PRODUCTS_DIR; };
		7DEA38F66B8235E741CB1E10 /* Pods-BenchmarkAppTests.debug.xcconfig */ = {isa = PBXFileReference; includeInIndex = 1; lastKnownFileType = text.xcconfig; name = "Pods-BenchmarkAppTests.debug.xcconfig"; path = "Target Support Files/Pods-BenchmarkAppTests/Pods-BenchmarkAppTests.debug.xcconfig"; sourceTree = "<group>"; };
		82FBF6A4D43828D9CEB31131 /* Pods-BenchmarkAppTests.release.xcconfig */ = {isa = PBXFileReference; includeInIndex = 1; lastKnownFileType = text.xcconfig; name = "Pods-BenchmarkAppTests.release.xcconfig"; path = "Target Support Files/Pods-BenchmarkAppTests/Pods-BenchmarkAppTests.release.xcconfig"; sourceTree = "<group>"; };
		9F64F526EC7BD677CB866032 /* Pods-BenchmarkApp.debug.xcconfig */ = {isa = PBXFileReference; includeInIndex = 1; lastKnownFileType = text.xcconfig; name = "Pods-BenchmarkApp.debug.xcconfig"; path = "Target Support Files/Pods-BenchmarkApp/Pods-BenchmarkApp.debug.xcconfig"; sourceTree = "<group>"; };
		AC585939BBE0DA5E7E7902B5 /* Pods-BenchmarkApp.release.xcconfig */ = {isa = PBXFileReference; includeInIndex = 1; lastKnownFileType = text.xcconfig; name = "Pods-BenchmarkApp.release.xcconfig"; path = "Target Support Files/Pods-BenchmarkApp/Pods-BenchmarkApp.release.xcconfig"; sourceTree = "<group>"; };
		FA18F8CCC43BAC81E6562F06 /* Pods_BenchmarkAppTests.framework */ = {isa = PBXFileReference; explicitFileType = wrapper.framework; includeInIndex = 0; path = Pods_BenchmarkAppTests.framework; sourceTree = BUILT_PRODUCTS_DIR; };
		FC00858625E429A60040C349 /* BenchmarkApp.app */ = {isa = PBXFileReference; explicitFileType = wrapper.application; includeInIndex = 0; path = BenchmarkApp.app; sourceTree = BUILT_PRODUCTS_DIR; };
		FC00858925E429A60040C349 /* BenchmarkAppApp.swift */ = {isa = PBXFileReference; lastKnownFileType = sourcecode.swift; path = BenchmarkAppApp.swift; sourceTree = "<group>"; };
		FC00858B25E429A60040C349 /* ContentView.swift */ = {isa = PBXFileReference; lastKnownFileType = sourcecode.swift; path = ContentView.swift; sourceTree = "<group>"; };
		FC00858D25E429A90040C349 /* Assets.xcassets */ = {isa = PBXFileReference; lastKnownFileType = folder.assetcatalog; path = Assets.xcassets; sourceTree = "<group>"; };
		FC00859025E429A90040C349 /* Preview Assets.xcassets */ = {isa = PBXFileReference; lastKnownFileType = folder.assetcatalog; path = "Preview Assets.xcassets"; sourceTree = "<group>"; };
		FC00859225E429A90040C349 /* Persistence.swift */ = {isa = PBXFileReference; lastKnownFileType = sourcecode.swift; path = Persistence.swift; sourceTree = "<group>"; };
		FC00859525E429A90040C349 /* BenchmarkApp.xcdatamodel */ = {isa = PBXFileReference; lastKnownFileType = wrapper.xcdatamodel; path = BenchmarkApp.xcdatamodel; sourceTree = "<group>"; };
		FC00859725E429A90040C349 /* Info.plist */ = {isa = PBXFileReference; lastKnownFileType = text.plist.xml; path = Info.plist; sourceTree = "<group>"; };
		FC00859C25E429A90040C349 /* BenchmarkAppTests.xctest */ = {isa = PBXFileReference; explicitFileType = wrapper.cfbundle; includeInIndex = 0; path = BenchmarkAppTests.xctest; sourceTree = BUILT_PRODUCTS_DIR; };
		FC0085A025E429A90040C349 /* BenchmarkAppTests.swift */ = {isa = PBXFileReference; lastKnownFileType = sourcecode.swift; path = BenchmarkAppTests.swift; sourceTree = "<group>"; };
		FC0085A225E429A90040C349 /* Info.plist */ = {isa = PBXFileReference; lastKnownFileType = text.plist.xml; path = Info.plist; sourceTree = "<group>"; };
		FC0085A725E429A90040C349 /* BenchmarkAppUITests.xctest */ = {isa = PBXFileReference; explicitFileType = wrapper.cfbundle; includeInIndex = 0; path = BenchmarkAppUITests.xctest; sourceTree = BUILT_PRODUCTS_DIR; };
		FC0085AB25E429A90040C349 /* BenchmarkAppUITests.swift */ = {isa = PBXFileReference; lastKnownFileType = sourcecode.swift; path = BenchmarkAppUITests.swift; sourceTree = "<group>"; };
		FC0085AD25E429A90040C349 /* Info.plist */ = {isa = PBXFileReference; lastKnownFileType = text.plist.xml; path = Info.plist; sourceTree = "<group>"; };
		FC15C42725E5AE4D00D95D97 /* LoginView.swift */ = {isa = PBXFileReference; lastKnownFileType = sourcecode.swift; path = LoginView.swift; sourceTree = "<group>"; };
		FC15C42925E5B76B00D95D97 /* BenchmarkApp.entitlements */ = {isa = PBXFileReference; lastKnownFileType = text.plist.entitlements; path = BenchmarkApp.entitlements; sourceTree = "<group>"; };
		FC2B4FF425E6C62300CFB228 /* AppDelegate.swift */ = {isa = PBXFileReference; lastKnownFileType = sourcecode.swift; path = AppDelegate.swift; sourceTree = "<group>"; };
		FC2B4FF825E6E1B600CFB228 /* UserAuth.swift */ = {isa = PBXFileReference; lastKnownFileType = sourcecode.swift; path = UserAuth.swift; sourceTree = "<group>"; };
		FC4E882A25E47605009840E9 /* LaunchScreen.storyboard */ = {isa = PBXFileReference; lastKnownFileType = file.storyboard; path = LaunchScreen.storyboard; sourceTree = "<group>"; };
		FC63B30A25E692CA00B25C05 /* GoogleService-Info.plist */ = {isa = PBXFileReference; fileEncoding = 4; lastKnownFileType = text.plist.xml; path = "GoogleService-Info.plist"; sourceTree = "<group>"; };
		FC8232B925E863770057B944 /* CategoriesView.swift */ = {isa = PBXFileReference; lastKnownFileType = sourcecode.swift; path = CategoriesView.swift; sourceTree = "<group>"; };
/* End PBXFileReference section */

/* Begin PBXFrameworksBuildPhase section */
		FC00858325E429A60040C349 /* Frameworks */ = {
			isa = PBXFrameworksBuildPhase;
			buildActionMask = 2147483647;
			files = (
				8B1461CC5C7BCDE84BAEE504 /* Pods_BenchmarkApp.framework in Frameworks */,
			);
			runOnlyForDeploymentPostprocessing = 0;
		};
		FC00859925E429A90040C349 /* Frameworks */ = {
			isa = PBXFrameworksBuildPhase;
			buildActionMask = 2147483647;
			files = (
				4234194A80BB14D0B665CFD2 /* Pods_BenchmarkAppTests.framework in Frameworks */,
			);
			runOnlyForDeploymentPostprocessing = 0;
		};
		FC0085A425E429A90040C349 /* Frameworks */ = {
			isa = PBXFrameworksBuildPhase;
			buildActionMask = 2147483647;
			files = (
				959055BCCB0305CDDE7FE708 /* Pods_BenchmarkApp_BenchmarkAppUITests.framework in Frameworks */,
			);
			runOnlyForDeploymentPostprocessing = 0;
		};
/* End PBXFrameworksBuildPhase section */

/* Begin PBXGroup section */
		6F7DC257F122C79A48BB3BD8 /* Pods */ = {
			isa = PBXGroup;
			children = (
				9F64F526EC7BD677CB866032 /* Pods-BenchmarkApp.debug.xcconfig */,
				AC585939BBE0DA5E7E7902B5 /* Pods-BenchmarkApp.release.xcconfig */,
				447B0B9D4167C4A9FD29DCBC /* Pods-BenchmarkApp-BenchmarkAppUITests.debug.xcconfig */,
				35843300281D57116351307B /* Pods-BenchmarkApp-BenchmarkAppUITests.release.xcconfig */,
				7DEA38F66B8235E741CB1E10 /* Pods-BenchmarkAppTests.debug.xcconfig */,
				82FBF6A4D43828D9CEB31131 /* Pods-BenchmarkAppTests.release.xcconfig */,
			);
			path = Pods;
			sourceTree = "<group>";
		};
		F4D7DA4A10D04EB088512EEB /* Frameworks */ = {
			isa = PBXGroup;
			children = (
				55C67CBC347FEF566CB69225 /* Pods_BenchmarkApp.framework */,
				5482A7E1B742896126BD6BD5 /* Pods_BenchmarkApp_BenchmarkAppUITests.framework */,
				FA18F8CCC43BAC81E6562F06 /* Pods_BenchmarkAppTests.framework */,
			);
			name = Frameworks;
			sourceTree = "<group>";
		};
		FC00857D25E429A60040C349 = {
			isa = PBXGroup;
			children = (
				FC00858825E429A60040C349 /* BenchmarkApp */,
				FC00859F25E429A90040C349 /* BenchmarkAppTests */,
				FC0085AA25E429A90040C349 /* BenchmarkAppUITests */,
				FC00858725E429A60040C349 /* Products */,
				6F7DC257F122C79A48BB3BD8 /* Pods */,
				F4D7DA4A10D04EB088512EEB /* Frameworks */,
			);
			sourceTree = "<group>";
		};
		FC00858725E429A60040C349 /* Products */ = {
			isa = PBXGroup;
			children = (
				FC00858625E429A60040C349 /* BenchmarkApp.app */,
				FC00859C25E429A90040C349 /* BenchmarkAppTests.xctest */,
				FC0085A725E429A90040C349 /* BenchmarkAppUITests.xctest */,
			);
			name = Products;
			sourceTree = "<group>";
		};
		FC00858825E429A60040C349 /* BenchmarkApp */ = {
			isa = PBXGroup;
			children = (
				FC2B4FF325E6C61000CFB228 /* Helpers */,
				FC63B30A25E692CA00B25C05 /* GoogleService-Info.plist */,
				FC15C42925E5B76B00D95D97 /* BenchmarkApp.entitlements */,
				FC15C42425E5AA5500D95D97 /* Model */,
				FC15C42325E5AA4B00D95D97 /* Controller */,
				FC4E882925E475E4009840E9 /* View */,
				FC00858925E429A60040C349 /* BenchmarkAppApp.swift */,
				FC00858D25E429A90040C349 /* Assets.xcassets */,
				FC00859225E429A90040C349 /* Persistence.swift */,
				FC00859725E429A90040C349 /* Info.plist */,
				FC00859425E429A90040C349 /* BenchmarkApp.xcdatamodeld */,
				FC00858F25E429A90040C349 /* Preview Content */,
			);
			path = BenchmarkApp;
			sourceTree = "<group>";
		};
		FC00858F25E429A90040C349 /* Preview Content */ = {
			isa = PBXGroup;
			children = (
				FC00859025E429A90040C349 /* Preview Assets.xcassets */,
			);
			path = "Preview Content";
			sourceTree = "<group>";
		};
		FC00859F25E429A90040C349 /* BenchmarkAppTests */ = {
			isa = PBXGroup;
			children = (
				FC0085A025E429A90040C349 /* BenchmarkAppTests.swift */,
				FC0085A225E429A90040C349 /* Info.plist */,
			);
			path = BenchmarkAppTests;
			sourceTree = "<group>";
		};
		FC0085AA25E429A90040C349 /* BenchmarkAppUITests */ = {
			isa = PBXGroup;
			children = (
				FC0085AB25E429A90040C349 /* BenchmarkAppUITests.swift */,
				FC0085AD25E429A90040C349 /* Info.plist */,
			);
			path = BenchmarkAppUITests;
			sourceTree = "<group>";
		};
		FC15C42325E5AA4B00D95D97 /* Controller */ = {
			isa = PBXGroup;
			children = (
			);
			path = Controller;
			sourceTree = "<group>";
		};
		FC15C42425E5AA5500D95D97 /* Model */ = {
			isa = PBXGroup;
			children = (
				FC2B4FF825E6E1B600CFB228 /* UserAuth.swift */,
			);
			path = Model;
			sourceTree = "<group>";
		};
		FC2B4FF325E6C61000CFB228 /* Helpers */ = {
			isa = PBXGroup;
			children = (
				FC2B4FF425E6C62300CFB228 /* AppDelegate.swift */,
			);
			path = Helpers;
			sourceTree = "<group>";
		};
		FC4E882925E475E4009840E9 /* View */ = {
			isa = PBXGroup;
			children = (
				FC00858B25E429A60040C349 /* ContentView.swift */,
				FC4E882A25E47605009840E9 /* LaunchScreen.storyboard */,
				FC15C42725E5AE4D00D95D97 /* LoginView.swift */,
				FC8232B925E863770057B944 /* CategoriesView.swift */,
			);
			name = View;
			sourceTree = "<group>";
		};
/* End PBXGroup section */

/* Begin PBXNativeTarget section */
		FC00858525E429A60040C349 /* BenchmarkApp */ = {
			isa = PBXNativeTarget;
			buildConfigurationList = FC0085B025E429A90040C349 /* Build configuration list for PBXNativeTarget "BenchmarkApp" */;
			buildPhases = (
				AAB46ECC2DD20B08E11516D0 /* [CP] Check Pods Manifest.lock */,
				FC00858225E429A60040C349 /* Sources */,
				FC00858325E429A60040C349 /* Frameworks */,
				FC00858425E429A60040C349 /* Resources */,
				95F69426A4A2A122C012B497 /* [CP] Embed Pods Frameworks */,
				BFD3E57B51E72FD30CE39A38 /* [CP] Copy Pods Resources */,
			);
			buildRules = (
			);
			dependencies = (
			);
			name = BenchmarkApp;
			productName = BenchmarkApp;
			productReference = FC00858625E429A60040C349 /* BenchmarkApp.app */;
			productType = "com.apple.product-type.application";
		};
		FC00859B25E429A90040C349 /* BenchmarkAppTests */ = {
			isa = PBXNativeTarget;
			buildConfigurationList = FC0085B325E429A90040C349 /* Build configuration list for PBXNativeTarget "BenchmarkAppTests" */;
			buildPhases = (
				8EF86C2E2E204EC999DF5C62 /* [CP] Check Pods Manifest.lock */,
				FC00859825E429A90040C349 /* Sources */,
				FC00859925E429A90040C349 /* Frameworks */,
				FC00859A25E429A90040C349 /* Resources */,
			);
			buildRules = (
			);
			dependencies = (
				FC00859E25E429A90040C349 /* PBXTargetDependency */,
			);
			name = BenchmarkAppTests;
			productName = BenchmarkAppTests;
			productReference = FC00859C25E429A90040C349 /* BenchmarkAppTests.xctest */;
			productType = "com.apple.product-type.bundle.unit-test";
		};
		FC0085A625E429A90040C349 /* BenchmarkAppUITests */ = {
			isa = PBXNativeTarget;
			buildConfigurationList = FC0085B625E429A90040C349 /* Build configuration list for PBXNativeTarget "BenchmarkAppUITests" */;
			buildPhases = (
				D3D39BCE2DC6DAACAA04FFBA /* [CP] Check Pods Manifest.lock */,
				FC0085A325E429A90040C349 /* Sources */,
				FC0085A425E429A90040C349 /* Frameworks */,
				FC0085A525E429A90040C349 /* Resources */,
				2EBD470B8C7EB1B31F470197 /* [CP] Embed Pods Frameworks */,
				7720633CCA59A35F5C4F3AC2 /* [CP] Copy Pods Resources */,
			);
			buildRules = (
			);
			dependencies = (
				FC0085A925E429A90040C349 /* PBXTargetDependency */,
			);
			name = BenchmarkAppUITests;
			productName = BenchmarkAppUITests;
			productReference = FC0085A725E429A90040C349 /* BenchmarkAppUITests.xctest */;
			productType = "com.apple.product-type.bundle.ui-testing";
		};
/* End PBXNativeTarget section */

/* Begin PBXProject section */
		FC00857E25E429A60040C349 /* Project object */ = {
			isa = PBXProject;
			attributes = {
				LastSwiftUpdateCheck = 1240;
				LastUpgradeCheck = 1240;
				TargetAttributes = {
					FC00858525E429A60040C349 = {
						CreatedOnToolsVersion = 12.4;
					};
					FC00859B25E429A90040C349 = {
						CreatedOnToolsVersion = 12.4;
						TestTargetID = FC00858525E429A60040C349;
					};
					FC0085A625E429A90040C349 = {
						CreatedOnToolsVersion = 12.4;
						TestTargetID = FC00858525E429A60040C349;
					};
				};
			};
			buildConfigurationList = FC00858125E429A60040C349 /* Build configuration list for PBXProject "BenchmarkApp" */;
			compatibilityVersion = "Xcode 9.3";
			developmentRegion = en;
			hasScannedForEncodings = 0;
			knownRegions = (
				en,
				Base,
			);
			mainGroup = FC00857D25E429A60040C349;
			productRefGroup = FC00858725E429A60040C349 /* Products */;
			projectDirPath = "";
			projectRoot = "";
			targets = (
				FC00858525E429A60040C349 /* BenchmarkApp */,
				FC00859B25E429A90040C349 /* BenchmarkAppTests */,
				FC0085A625E429A90040C349 /* BenchmarkAppUITests */,
			);
		};
/* End PBXProject section */

/* Begin PBXResourcesBuildPhase section */
		FC00858425E429A60040C349 /* Resources */ = {
			isa = PBXResourcesBuildPhase;
			buildActionMask = 2147483647;
			files = (
				FC4E882B25E47605009840E9 /* LaunchScreen.storyboard in Resources */,
				FC63B30B25E692CA00B25C05 /* GoogleService-Info.plist in Resources */,
				FC00859125E429A90040C349 /* Preview Assets.xcassets in Resources */,
				FC00858E25E429A90040C349 /* Assets.xcassets in Resources */,
			);
			runOnlyForDeploymentPostprocessing = 0;
		};
		FC00859A25E429A90040C349 /* Resources */ = {
			isa = PBXResourcesBuildPhase;
			buildActionMask = 2147483647;
			files = (
			);
			runOnlyForDeploymentPostprocessing = 0;
		};
		FC0085A525E429A90040C349 /* Resources */ = {
			isa = PBXResourcesBuildPhase;
			buildActionMask = 2147483647;
			files = (
			);
			runOnlyForDeploymentPostprocessing = 0;
		};
/* End PBXResourcesBuildPhase section */

/* Begin PBXShellScriptBuildPhase section */
		2EBD470B8C7EB1B31F470197 /* [CP] Embed Pods Frameworks */ = {
			isa = PBXShellScriptBuildPhase;
			buildActionMask = 2147483647;
			files = (
			);
			inputFileListPaths = (
				"${PODS_ROOT}/Target Support Files/Pods-BenchmarkApp-BenchmarkAppUITests/Pods-BenchmarkApp-BenchmarkAppUITests-frameworks-${CONFIGURATION}-input-files.xcfilelist",
			);
			name = "[CP] Embed Pods Frameworks";
			outputFileListPaths = (
				"${PODS_ROOT}/Target Support Files/Pods-BenchmarkApp-BenchmarkAppUITests/Pods-BenchmarkApp-BenchmarkAppUITests-frameworks-${CONFIGURATION}-output-files.xcfilelist",
			);
			runOnlyForDeploymentPostprocessing = 0;
			shellPath = /bin/sh;
			shellScript = "\"${PODS_ROOT}/Target Support Files/Pods-BenchmarkApp-BenchmarkAppUITests/Pods-BenchmarkApp-BenchmarkAppUITests-frameworks.sh\"\n";
			showEnvVarsInLog = 0;
		};
		7720633CCA59A35F5C4F3AC2 /* [CP] Copy Pods Resources */ = {
			isa = PBXShellScriptBuildPhase;
			buildActionMask = 2147483647;
			files = (
			);
			inputFileListPaths = (
				"${PODS_ROOT}/Target Support Files/Pods-BenchmarkApp-BenchmarkAppUITests/Pods-BenchmarkApp-BenchmarkAppUITests-resources-${CONFIGURATION}-input-files.xcfilelist",
			);
			name = "[CP] Copy Pods Resources";
			outputFileListPaths = (
				"${PODS_ROOT}/Target Support Files/Pods-BenchmarkApp-BenchmarkAppUITests/Pods-BenchmarkApp-BenchmarkAppUITests-resources-${CONFIGURATION}-output-files.xcfilelist",
			);
			runOnlyForDeploymentPostprocessing = 0;
			shellPath = /bin/sh;
			shellScript = "\"${PODS_ROOT}/Target Support Files/Pods-BenchmarkApp-BenchmarkAppUITests/Pods-BenchmarkApp-BenchmarkAppUITests-resources.sh\"\n";
			showEnvVarsInLog = 0;
		};
		8EF86C2E2E204EC999DF5C62 /* [CP] Check Pods Manifest.lock */ = {
			isa = PBXShellScriptBuildPhase;
			buildActionMask = 2147483647;
			files = (
			);
			inputFileListPaths = (
			);
			inputPaths = (
				"${PODS_PODFILE_DIR_PATH}/Podfile.lock",
				"${PODS_ROOT}/Manifest.lock",
			);
			name = "[CP] Check Pods Manifest.lock";
			outputFileListPaths = (
			);
			outputPaths = (
				"$(DERIVED_FILE_DIR)/Pods-BenchmarkAppTests-checkManifestLockResult.txt",
			);
			runOnlyForDeploymentPostprocessing = 0;
			shellPath = /bin/sh;
			shellScript = "diff \"${PODS_PODFILE_DIR_PATH}/Podfile.lock\" \"${PODS_ROOT}/Manifest.lock\" > /dev/null\nif [ $? != 0 ] ; then\n    # print error to STDERR\n    echo \"error: The sandbox is not in sync with the Podfile.lock. Run 'pod install' or update your CocoaPods installation.\" >&2\n    exit 1\nfi\n# This output is used by Xcode 'outputs' to avoid re-running this script phase.\necho \"SUCCESS\" > \"${SCRIPT_OUTPUT_FILE_0}\"\n";
			showEnvVarsInLog = 0;
		};
		95F69426A4A2A122C012B497 /* [CP] Embed Pods Frameworks */ = {
			isa = PBXShellScriptBuildPhase;
			buildActionMask = 2147483647;
			files = (
			);
			inputFileListPaths = (
				"${PODS_ROOT}/Target Support Files/Pods-BenchmarkApp/Pods-BenchmarkApp-frameworks-${CONFIGURATION}-input-files.xcfilelist",
			);
			name = "[CP] Embed Pods Frameworks";
			outputFileListPaths = (
				"${PODS_ROOT}/Target Support Files/Pods-BenchmarkApp/Pods-BenchmarkApp-frameworks-${CONFIGURATION}-output-files.xcfilelist",
			);
			runOnlyForDeploymentPostprocessing = 0;
			shellPath = /bin/sh;
			shellScript = "\"${PODS_ROOT}/Target Support Files/Pods-BenchmarkApp/Pods-BenchmarkApp-frameworks.sh\"\n";
			showEnvVarsInLog = 0;
		};
		AAB46ECC2DD20B08E11516D0 /* [CP] Check Pods Manifest.lock */ = {
			isa = PBXShellScriptBuildPhase;
			buildActionMask = 2147483647;
			files = (
			);
			inputFileListPaths = (
			);
			inputPaths = (
				"${PODS_PODFILE_DIR_PATH}/Podfile.lock",
				"${PODS_ROOT}/Manifest.lock",
			);
			name = "[CP] Check Pods Manifest.lock";
			outputFileListPaths = (
			);
			outputPaths = (
				"$(DERIVED_FILE_DIR)/Pods-BenchmarkApp-checkManifestLockResult.txt",
			);
			runOnlyForDeploymentPostprocessing = 0;
			shellPath = /bin/sh;
			shellScript = "diff \"${PODS_PODFILE_DIR_PATH}/Podfile.lock\" \"${PODS_ROOT}/Manifest.lock\" > /dev/null\nif [ $? != 0 ] ; then\n    # print error to STDERR\n    echo \"error: The sandbox is not in sync with the Podfile.lock. Run 'pod install' or update your CocoaPods installation.\" >&2\n    exit 1\nfi\n# This output is used by Xcode 'outputs' to avoid re-running this script phase.\necho \"SUCCESS\" > \"${SCRIPT_OUTPUT_FILE_0}\"\n";
			showEnvVarsInLog = 0;
		};
		BFD3E57B51E72FD30CE39A38 /* [CP] Copy Pods Resources */ = {
			isa = PBXShellScriptBuildPhase;
			buildActionMask = 2147483647;
			files = (
			);
			inputFileListPaths = (
				"${PODS_ROOT}/Target Support Files/Pods-BenchmarkApp/Pods-BenchmarkApp-resources-${CONFIGURATION}-input-files.xcfilelist",
			);
			name = "[CP] Copy Pods Resources";
			outputFileListPaths = (
				"${PODS_ROOT}/Target Support Files/Pods-BenchmarkApp/Pods-BenchmarkApp-resources-${CONFIGURATION}-output-files.xcfilelist",
			);
			runOnlyForDeploymentPostprocessing = 0;
			shellPath = /bin/sh;
			shellScript = "\"${PODS_ROOT}/Target Support Files/Pods-BenchmarkApp/Pods-BenchmarkApp-resources.sh\"\n";
			showEnvVarsInLog = 0;
		};
		D3D39BCE2DC6DAACAA04FFBA /* [CP] Check Pods Manifest.lock */ = {
			isa = PBXShellScriptBuildPhase;
			buildActionMask = 2147483647;
			files = (
			);
			inputFileListPaths = (
			);
			inputPaths = (
				"${PODS_PODFILE_DIR_PATH}/Podfile.lock",
				"${PODS_ROOT}/Manifest.lock",
			);
			name = "[CP] Check Pods Manifest.lock";
			outputFileListPaths = (
			);
			outputPaths = (
				"$(DERIVED_FILE_DIR)/Pods-BenchmarkApp-BenchmarkAppUITests-checkManifestLockResult.txt",
			);
			runOnlyForDeploymentPostprocessing = 0;
			shellPath = /bin/sh;
			shellScript = "diff \"${PODS_PODFILE_DIR_PATH}/Podfile.lock\" \"${PODS_ROOT}/Manifest.lock\" > /dev/null\nif [ $? != 0 ] ; then\n    # print error to STDERR\n    echo \"error: The sandbox is not in sync with the Podfile.lock. Run 'pod install' or update your CocoaPods installation.\" >&2\n    exit 1\nfi\n# This output is used by Xcode 'outputs' to avoid re-running this script phase.\necho \"SUCCESS\" > \"${SCRIPT_OUTPUT_FILE_0}\"\n";
			showEnvVarsInLog = 0;
		};
/* End PBXShellScriptBuildPhase section */

/* Begin PBXSourcesBuildPhase section */
		FC00858225E429A60040C349 /* Sources */ = {
			isa = PBXSourcesBuildPhase;
			buildActionMask = 2147483647;
			files = (
				FC8232BA25E863770057B944 /* CategoriesView.swift in Sources */,
				FC2B4FF925E6E1B600CFB228 /* UserAuth.swift in Sources */,
				FC2B4FF525E6C62300CFB228 /* AppDelegate.swift in Sources */,
				FC00859325E429A90040C349 /* Persistence.swift in Sources */,
				FC00859625E429A90040C349 /* BenchmarkApp.xcdatamodeld in Sources */,
				FC00858C25E429A60040C349 /* ContentView.swift in Sources */,
				FC15C42825E5AE4D00D95D97 /* LoginView.swift in Sources */,
				FC00858A25E429A60040C349 /* BenchmarkAppApp.swift in Sources */,
			);
			runOnlyForDeploymentPostprocessing = 0;
		};
		FC00859825E429A90040C349 /* Sources */ = {
			isa = PBXSourcesBuildPhase;
			buildActionMask = 2147483647;
			files = (
				FC0085A125E429A90040C349 /* BenchmarkAppTests.swift in Sources */,
			);
			runOnlyForDeploymentPostprocessing = 0;
		};
		FC0085A325E429A90040C349 /* Sources */ = {
			isa = PBXSourcesBuildPhase;
			buildActionMask = 2147483647;
			files = (
				FC0085AC25E429A90040C349 /* BenchmarkAppUITests.swift in Sources */,
			);
			runOnlyForDeploymentPostprocessing = 0;
		};
/* End PBXSourcesBuildPhase section */

/* Begin PBXTargetDependency section */
		FC00859E25E429A90040C349 /* PBXTargetDependency */ = {
			isa = PBXTargetDependency;
			target = FC00858525E429A60040C349 /* BenchmarkApp */;
			targetProxy = FC00859D25E429A90040C349 /* PBXContainerItemProxy */;
		};
		FC0085A925E429A90040C349 /* PBXTargetDependency */ = {
			isa = PBXTargetDependency;
			target = FC00858525E429A60040C349 /* BenchmarkApp */;
			targetProxy = FC0085A825E429A90040C349 /* PBXContainerItemProxy */;
		};
/* End PBXTargetDependency section */

/* Begin XCBuildConfiguration section */
		FC0085AE25E429A90040C349 /* Debug */ = {
			isa = XCBuildConfiguration;
			buildSettings = {
				ALWAYS_SEARCH_USER_PATHS = NO;
				CLANG_ANALYZER_NONNULL = YES;
				CLANG_ANALYZER_NUMBER_OBJECT_CONVERSION = YES_AGGRESSIVE;
				CLANG_CXX_LANGUAGE_STANDARD = "gnu++14";
				CLANG_CXX_LIBRARY = "libc++";
				CLANG_ENABLE_MODULES = YES;
				CLANG_ENABLE_OBJC_ARC = YES;
				CLANG_ENABLE_OBJC_WEAK = YES;
				CLANG_WARN_BLOCK_CAPTURE_AUTORELEASING = YES;
				CLANG_WARN_BOOL_CONVERSION = YES;
				CLANG_WARN_COMMA = YES;
				CLANG_WARN_CONSTANT_CONVERSION = YES;
				CLANG_WARN_DEPRECATED_OBJC_IMPLEMENTATIONS = YES;
				CLANG_WARN_DIRECT_OBJC_ISA_USAGE = YES_ERROR;
				CLANG_WARN_DOCUMENTATION_COMMENTS = YES;
				CLANG_WARN_EMPTY_BODY = YES;
				CLANG_WARN_ENUM_CONVERSION = YES;
				CLANG_WARN_INFINITE_RECURSION = YES;
				CLANG_WARN_INT_CONVERSION = YES;
				CLANG_WARN_NON_LITERAL_NULL_CONVERSION = YES;
				CLANG_WARN_OBJC_IMPLICIT_RETAIN_SELF = YES;
				CLANG_WARN_OBJC_LITERAL_CONVERSION = YES;
				CLANG_WARN_OBJC_ROOT_CLASS = YES_ERROR;
				CLANG_WARN_QUOTED_INCLUDE_IN_FRAMEWORK_HEADER = YES;
				CLANG_WARN_RANGE_LOOP_ANALYSIS = YES;
				CLANG_WARN_STRICT_PROTOTYPES = YES;
				CLANG_WARN_SUSPICIOUS_MOVE = YES;
				CLANG_WARN_UNGUARDED_AVAILABILITY = YES_AGGRESSIVE;
				CLANG_WARN_UNREACHABLE_CODE = YES;
				CLANG_WARN__DUPLICATE_METHOD_MATCH = YES;
				COPY_PHASE_STRIP = NO;
				DEBUG_INFORMATION_FORMAT = dwarf;
				ENABLE_STRICT_OBJC_MSGSEND = YES;
				ENABLE_TESTABILITY = YES;
				GCC_C_LANGUAGE_STANDARD = gnu11;
				GCC_DYNAMIC_NO_PIC = NO;
				GCC_NO_COMMON_BLOCKS = YES;
				GCC_OPTIMIZATION_LEVEL = 0;
				GCC_PREPROCESSOR_DEFINITIONS = (
					"DEBUG=1",
					"$(inherited)",
				);
				GCC_WARN_64_TO_32_BIT_CONVERSION = YES;
				GCC_WARN_ABOUT_RETURN_TYPE = YES_ERROR;
				GCC_WARN_UNDECLARED_SELECTOR = YES;
				GCC_WARN_UNINITIALIZED_AUTOS = YES_AGGRESSIVE;
				GCC_WARN_UNUSED_FUNCTION = YES;
				GCC_WARN_UNUSED_VARIABLE = YES;
				IPHONEOS_DEPLOYMENT_TARGET = 14.4;
				MTL_ENABLE_DEBUG_INFO = INCLUDE_SOURCE;
				MTL_FAST_MATH = YES;
				ONLY_ACTIVE_ARCH = YES;
				SDKROOT = iphoneos;
				SWIFT_ACTIVE_COMPILATION_CONDITIONS = DEBUG;
				SWIFT_OPTIMIZATION_LEVEL = "-Onone";
			};
			name = Debug;
		};
		FC0085AF25E429A90040C349 /* Release */ = {
			isa = XCBuildConfiguration;
			buildSettings = {
				ALWAYS_SEARCH_USER_PATHS = NO;
				CLANG_ANALYZER_NONNULL = YES;
				CLANG_ANALYZER_NUMBER_OBJECT_CONVERSION = YES_AGGRESSIVE;
				CLANG_CXX_LANGUAGE_STANDARD = "gnu++14";
				CLANG_CXX_LIBRARY = "libc++";
				CLANG_ENABLE_MODULES = YES;
				CLANG_ENABLE_OBJC_ARC = YES;
				CLANG_ENABLE_OBJC_WEAK = YES;
				CLANG_WARN_BLOCK_CAPTURE_AUTORELEASING = YES;
				CLANG_WARN_BOOL_CONVERSION = YES;
				CLANG_WARN_COMMA = YES;
				CLANG_WARN_CONSTANT_CONVERSION = YES;
				CLANG_WARN_DEPRECATED_OBJC_IMPLEMENTATIONS = YES;
				CLANG_WARN_DIRECT_OBJC_ISA_USAGE = YES_ERROR;
				CLANG_WARN_DOCUMENTATION_COMMENTS = YES;
				CLANG_WARN_EMPTY_BODY = YES;
				CLANG_WARN_ENUM_CONVERSION = YES;
				CLANG_WARN_INFINITE_RECURSION = YES;
				CLANG_WARN_INT_CONVERSION = YES;
				CLANG_WARN_NON_LITERAL_NULL_CONVERSION = YES;
				CLANG_WARN_OBJC_IMPLICIT_RETAIN_SELF = YES;
				CLANG_WARN_OBJC_LITERAL_CONVERSION = YES;
				CLANG_WARN_OBJC_ROOT_CLASS = YES_ERROR;
				CLANG_WARN_QUOTED_INCLUDE_IN_FRAMEWORK_HEADER = YES;
				CLANG_WARN_RANGE_LOOP_ANALYSIS = YES;
				CLANG_WARN_STRICT_PROTOTYPES = YES;
				CLANG_WARN_SUSPICIOUS_MOVE = YES;
				CLANG_WARN_UNGUARDED_AVAILABILITY = YES_AGGRESSIVE;
				CLANG_WARN_UNREACHABLE_CODE = YES;
				CLANG_WARN__DUPLICATE_METHOD_MATCH = YES;
				COPY_PHASE_STRIP = NO;
				DEBUG_INFORMATION_FORMAT = "dwarf-with-dsym";
				ENABLE_NS_ASSERTIONS = NO;
				ENABLE_STRICT_OBJC_MSGSEND = YES;
				GCC_C_LANGUAGE_STANDARD = gnu11;
				GCC_NO_COMMON_BLOCKS = YES;
				GCC_WARN_64_TO_32_BIT_CONVERSION = YES;
				GCC_WARN_ABOUT_RETURN_TYPE = YES_ERROR;
				GCC_WARN_UNDECLARED_SELECTOR = YES;
				GCC_WARN_UNINITIALIZED_AUTOS = YES_AGGRESSIVE;
				GCC_WARN_UNUSED_FUNCTION = YES;
				GCC_WARN_UNUSED_VARIABLE = YES;
				IPHONEOS_DEPLOYMENT_TARGET = 14.4;
				MTL_ENABLE_DEBUG_INFO = NO;
				MTL_FAST_MATH = YES;
				SDKROOT = iphoneos;
				SWIFT_COMPILATION_MODE = wholemodule;
				SWIFT_OPTIMIZATION_LEVEL = "-O";
				VALIDATE_PRODUCT = YES;
			};
			name = Release;
		};
		FC0085B125E429A90040C349 /* Debug */ = {
			isa = XCBuildConfiguration;
			baseConfigurationReference = 9F64F526EC7BD677CB866032 /* Pods-BenchmarkApp.debug.xcconfig */;
			buildSettings = {
				ASSETCATALOG_COMPILER_APPICON_NAME = AppIcon;
				ASSETCATALOG_COMPILER_GLOBAL_ACCENT_COLOR_NAME = AccentColor;
				CODE_SIGN_ENTITLEMENTS = BenchmarkApp/BenchmarkApp.entitlements;
				CODE_SIGN_STYLE = Automatic;
				DEVELOPMENT_ASSET_PATHS = "\"BenchmarkApp/Preview Content\"";
				DEVELOPMENT_TEAM = H27PZFYGUZ;
				ENABLE_PREVIEWS = YES;
				INFOPLIST_FILE = BenchmarkApp/Info.plist;
				IPHONEOS_DEPLOYMENT_TARGET = 14.0;
				LD_RUNPATH_SEARCH_PATHS = (
					"$(inherited)",
					"@executable_path/Frameworks",
				);
				PRODUCT_BUNDLE_IDENTIFIER = dev.igloodevelopment.FitnessBenchmarkApp;
				PRODUCT_NAME = "$(TARGET_NAME)";
				SWIFT_VERSION = 5.0;
				TARGETED_DEVICE_FAMILY = "1,2";
			};
			name = Debug;
		};
		FC0085B225E429A90040C349 /* Release */ = {
			isa = XCBuildConfiguration;
			baseConfigurationReference = AC585939BBE0DA5E7E7902B5 /* Pods-BenchmarkApp.release.xcconfig */;
			buildSettings = {
				ASSETCATALOG_COMPILER_APPICON_NAME = AppIcon;
				ASSETCATALOG_COMPILER_GLOBAL_ACCENT_COLOR_NAME = AccentColor;
				CODE_SIGN_ENTITLEMENTS = BenchmarkApp/BenchmarkApp.entitlements;
				CODE_SIGN_STYLE = Automatic;
				DEVELOPMENT_ASSET_PATHS = "\"BenchmarkApp/Preview Content\"";
				DEVELOPMENT_TEAM = H27PZFYGUZ;
				ENABLE_PREVIEWS = YES;
				INFOPLIST_FILE = BenchmarkApp/Info.plist;
				IPHONEOS_DEPLOYMENT_TARGET = 14.0;
				LD_RUNPATH_SEARCH_PATHS = (
					"$(inherited)",
					"@executable_path/Frameworks",
				);
				PRODUCT_BUNDLE_IDENTIFIER = dev.igloodevelopment.FitnessBenchmarkApp;
				PRODUCT_NAME = "$(TARGET_NAME)";
				SWIFT_VERSION = 5.0;
				TARGETED_DEVICE_FAMILY = "1,2";
			};
			name = Release;
		};
		FC0085B425E429A90040C349 /* Debug */ = {
			isa = XCBuildConfiguration;
			baseConfigurationReference = 7DEA38F66B8235E741CB1E10 /* Pods-BenchmarkAppTests.debug.xcconfig */;
			buildSettings = {
				ALWAYS_EMBED_SWIFT_STANDARD_LIBRARIES = YES;
				BUNDLE_LOADER = "$(TEST_HOST)";
				CODE_SIGN_STYLE = Automatic;
				DEVELOPMENT_TEAM = H27PZFYGUZ;
				INFOPLIST_FILE = BenchmarkAppTests/Info.plist;
				IPHONEOS_DEPLOYMENT_TARGET = 14.0;
				LD_RUNPATH_SEARCH_PATHS = (
					"$(inherited)",
					"@executable_path/Frameworks",
					"@loader_path/Frameworks",
				);
				PRODUCT_BUNDLE_IDENTIFIER = dev.igloodevelopment.BenchmarkAppTests;
				PRODUCT_NAME = "$(TARGET_NAME)";
				SWIFT_VERSION = 5.0;
				TARGETED_DEVICE_FAMILY = "1,2";
				TEST_HOST = "$(BUILT_PRODUCTS_DIR)/BenchmarkApp.app/BenchmarkApp";
			};
			name = Debug;
		};
		FC0085B525E429A90040C349 /* Release */ = {
			isa = XCBuildConfiguration;
			baseConfigurationReference = 82FBF6A4D43828D9CEB31131 /* Pods-BenchmarkAppTests.release.xcconfig */;
			buildSettings = {
				ALWAYS_EMBED_SWIFT_STANDARD_LIBRARIES = YES;
				BUNDLE_LOADER = "$(TEST_HOST)";
				CODE_SIGN_STYLE = Automatic;
				DEVELOPMENT_TEAM = H27PZFYGUZ;
				INFOPLIST_FILE = BenchmarkAppTests/Info.plist;
				IPHONEOS_DEPLOYMENT_TARGET = 14.0;
				LD_RUNPATH_SEARCH_PATHS = (
					"$(inherited)",
					"@executable_path/Frameworks",
					"@loader_path/Frameworks",
				);
				PRODUCT_BUNDLE_IDENTIFIER = dev.igloodevelopment.BenchmarkAppTests;
				PRODUCT_NAME = "$(TARGET_NAME)";
				SWIFT_VERSION = 5.0;
				TARGETED_DEVICE_FAMILY = "1,2";
				TEST_HOST = "$(BUILT_PRODUCTS_DIR)/BenchmarkApp.app/BenchmarkApp";
			};
			name = Release;
		};
		FC0085B725E429A90040C349 /* Debug */ = {
			isa = XCBuildConfiguration;
			baseConfigurationReference = 447B0B9D4167C4A9FD29DCBC /* Pods-BenchmarkApp-BenchmarkAppUITests.debug.xcconfig */;
			buildSettings = {
				ALWAYS_EMBED_SWIFT_STANDARD_LIBRARIES = YES;
				CODE_SIGN_STYLE = Automatic;
				DEVELOPMENT_TEAM = H27PZFYGUZ;
				INFOPLIST_FILE = BenchmarkAppUITests/Info.plist;
				LD_RUNPATH_SEARCH_PATHS = (
					"$(inherited)",
					"@executable_path/Frameworks",
					"@loader_path/Frameworks",
				);
				PRODUCT_BUNDLE_IDENTIFIER = dev.igloodevelopment.BenchmarkAppUITests;
				PRODUCT_NAME = "$(TARGET_NAME)";
				SWIFT_VERSION = 5.0;
				TARGETED_DEVICE_FAMILY = "1,2";
				TEST_TARGET_NAME = BenchmarkApp;
			};
			name = Debug;
		};
		FC0085B825E429A90040C349 /* Release */ = {
			isa = XCBuildConfiguration;
			baseConfigurationReference = 35843300281D57116351307B /* Pods-BenchmarkApp-BenchmarkAppUITests.release.xcconfig */;
			buildSettings = {
				ALWAYS_EMBED_SWIFT_STANDARD_LIBRARIES = YES;
				CODE_SIGN_STYLE = Automatic;
				DEVELOPMENT_TEAM = H27PZFYGUZ;
				INFOPLIST_FILE = BenchmarkAppUITests/Info.plist;
				LD_RUNPATH_SEARCH_PATHS = (
					"$(inherited)",
					"@executable_path/Frameworks",
					"@loader_path/Frameworks",
				);
				PRODUCT_BUNDLE_IDENTIFIER = dev.igloodevelopment.BenchmarkAppUITests;
				PRODUCT_NAME = "$(TARGET_NAME)";
				SWIFT_VERSION = 5.0;
				TARGETED_DEVICE_FAMILY = "1,2";
				TEST_TARGET_NAME = BenchmarkApp;
			};
			name = Release;
		};
/* End XCBuildConfiguration section */

/* Begin XCConfigurationList section */
		FC00858125E429A60040C349 /* Build configuration list for PBXProject "BenchmarkApp" */ = {
			isa = XCConfigurationList;
			buildConfigurations = (
				FC0085AE25E429A90040C349 /* Debug */,
				FC0085AF25E429A90040C349 /* Release */,
			);
			defaultConfigurationIsVisible = 0;
			defaultConfigurationName = Release;
		};
		FC0085B025E429A90040C349 /* Build configuration list for PBXNativeTarget "BenchmarkApp" */ = {
			isa = XCConfigurationList;
			buildConfigurations = (
				FC0085B125E429A90040C349 /* Debug */,
				FC0085B225E429A90040C349 /* Release */,
			);
			defaultConfigurationIsVisible = 0;
			defaultConfigurationName = Release;
		};
		FC0085B325E429A90040C349 /* Build configuration list for PBXNativeTarget "BenchmarkAppTests" */ = {
			isa = XCConfigurationList;
			buildConfigurations = (
				FC0085B425E429A90040C349 /* Debug */,
				FC0085B525E429A90040C349 /* Release */,
			);
			defaultConfigurationIsVisible = 0;
			defaultConfigurationName = Release;
		};
		FC0085B625E429A90040C349 /* Build configuration list for PBXNativeTarget "BenchmarkAppUITests" */ = {
			isa = XCConfigurationList;
			buildConfigurations = (
				FC0085B725E429A90040C349 /* Debug */,
				FC0085B825E429A90040C349 /* Release */,
			);
			defaultConfigurationIsVisible = 0;
			defaultConfigurationName = Release;
		};
/* End XCConfigurationList section */

/* Begin XCVersionGroup section */
		FC00859425E429A90040C349 /* BenchmarkApp.xcdatamodeld */ = {
			isa = XCVersionGroup;
			children = (
				FC00859525E429A90040C349 /* BenchmarkApp.xcdatamodel */,
			);
			currentVersion = FC00859525E429A90040C349 /* BenchmarkApp.xcdatamodel */;
			path = BenchmarkApp.xcdatamodeld;
			sourceTree = "<group>";
			versionGroupType = wrapper.xcdatamodel;
		};
/* End XCVersionGroup section */
	};
	rootObject = FC00857E25E429A60040C349 /* Project object */;
}
